
Microsoft Visual Studio Solution File, Format Version 12.00
# Visual Studio 2013
VisualStudioVersion = 12.0.30501.0
MinimumVisualStudioVersion = 10.0.40219.1
Project("{FAE04EC0-301F-11D3-BF4B-00C04F79EFBC}") = "LinqToImpala", "ImpalaToLinq\LinqToImpala.csproj", "{40C15C0B-497C-410E-B09B-305D5A4E58FA}"
EndProject
Project("{FAE04EC0-301F-11D3-BF4B-00C04F79EFBC}") = "LinqToImpalaTests", "LinqToImpalaTests\LinqToImpalaTests.csproj", "{59E94882-BD6B-4E53-AF4D-E42B982ECCB2}"
EndProject
Global
	GlobalSection(SolutionConfigurationPlatforms) = preSolution
		Debug|Any CPU = Debug|Any CPU
		Release|Any CPU = Release|Any CPU
	EndGlobalSection
	GlobalSection(ProjectConfigurationPlatforms) = postSolution
		{40C15C0B-497C-410E-B09B-305D5A4E58FA}.Debug|Any CPU.ActiveCfg = Debug|Any CPU
		{40C15C0B-497C-410E-B09B-305D5A4E58FA}.Debug|Any CPU.Build.0 = Debug|Any CPU
		{40C15C0B-497C-410E-B09B-305D5A4E58FA}.Release|Any CPU.ActiveCfg = Release|Any CPU
		{40C15C0B-497C-410E-B09B-305D5A4E58FA}.Release|Any CPU.Build.0 = Release|Any CPU
		{59E94882-BD6B-4E53-AF4D-E42B982ECCB2}.Debug|Any CPU.ActiveCfg = Debug|Any CPU
		{59E94882-BD6B-4E53-AF4D-E42B982ECCB2}.Debug|Any CPU.Build.0 = Debug|Any CPU
		{59E94882-BD6B-4E53-AF4D-E42B982ECCB2}.Release|Any CPU.ActiveCfg = Release|Any CPU
		{59E94882-BD6B-4E53-AF4D-E42B982ECCB2}.Release|Any CPU.Build.0 = Release|Any CPU
	EndGlobalSection
	GlobalSection(SolutionProperties) = preSolution
		HideSolutionNode = FALSE
	EndGlobalSection
EndGlobal
